PODS:
  - ADAL (2.3.0):
    - ADAL/app-lib (= 2.3.0)
  - ADAL/app-lib (2.3.0):
    - ADAL/tokencacheheader
  - ADAL/tokencacheheader (2.3.0)

DEPENDENCIES:
  - ADAL

SPEC CHECKSUMS:
  ADAL: 3ce88c2246393ef8b04f3f27f56b58f46c75fabf

PODFILE CHECKSUM: 7ef05ecb5c7d94671c0b5211fc431ad3e0debf73

COCOAPODS: 1.1.1
